
Microsoft Visual Studio Solution File, Format Version 12.00
# Visual Studio Version 16
VisualStudioVersion = 25.0.1705.0
MinimumVisualStudioVersion = 10.0.40219.1
Project("{FAE04EC0-301F-11D3-BF4B-00C04F79EFBC}") = "14martt", "14martt\14martt.csproj", "{8C948C0F-3C74-4762-8CDC-9C079365BCDE}"
EndProject
Global
	GlobalSection(SolutionConfigurationPlatforms) = preSolution
		Debug|Any CPU = Debug|Any CPU
		Release|Any CPU = Release|Any CPU
	EndGlobalSection
	GlobalSection(ProjectConfigurationPlatforms) = postSolution
		{8C948C0F-3C74-4762-8CDC-9C079365BCDE}.Debug|Any CPU.ActiveCfg = Debug|Any CPU
		{8C948C0F-3C74-4762-8CDC-9C079365BCDE}.Debug|Any CPU.Build.0 = Debug|Any CPU
		{8C948C0F-3C74-4762-8CDC-9C079365BCDE}.Release|Any CPU.ActiveCfg = Release|Any CPU
		{8C948C0F-3C74-4762-8CDC-9C079365BCDE}.Release|Any CPU.Build.0 = Release|Any CPU
	EndGlobalSection
	GlobalSection(SolutionProperties) = preSolution
		HideSolutionNode = FALSE
	EndGlobalSection
	GlobalSection(ExtensibilityGlobals) = postSolution
		SolutionGuid = {4CD71182-3D29-4D42-ADDC-04C75897D56B}
	EndGlobalSection
EndGlobal
